
Microsoft Visual Studio Solution File, Format Version 12.00
# Visual Studio Version 16
VisualStudioVersion = 16.0.31025.194
MinimumVisualStudioVersion = 10.0.40219.1
Project("{9A19103F-16F7-4668-BE54-9A1E7A4F7556}") = "Parking.Domain", "Parking.Domain\Parking.Domain.csproj", "{77C827AE-E5C1-4092-B0B5-498D8F209668}"
EndProject
Project("{9A19103F-16F7-4668-BE54-9A1E7A4F7556}") = "Parking.Entity", "Parking.Entity\Parking.Entity.csproj", "{9734F264-57D7-4469-8548-81BF2A44D14A}"
EndProject
Project("{9A19103F-16F7-4668-BE54-9A1E7A4F7556}") = "Parking", "Parking\Parking.csproj", "{4C9F2531-5EF3-4312-B7F4-48FBBF0BE0FC}"
EndProject
Global
	GlobalSection(SolutionConfigurationPlatforms) = preSolution
		Debug|Any CPU = Debug|Any CPU
		Release|Any CPU = Release|Any CPU
	EndGlobalSection
	GlobalSection(ProjectConfigurationPlatforms) = postSolution
		{77C827AE-E5C1-4092-B0B5-498D8F209668}.Debug|Any CPU.ActiveCfg = Debug|Any CPU
		{77C827AE-E5C1-4092-B0B5-498D8F209668}.Debug|Any CPU.Build.0 = Debug|Any CPU
		{77C827AE-E5C1-4092-B0B5-498D8F209668}.Release|Any CPU.ActiveCfg = Release|Any CPU
		{77C827AE-E5C1-4092-B0B5-498D8F209668}.Release|Any CPU.Build.0 = Release|Any CPU
		{9734F264-57D7-4469-8548-81BF2A44D14A}.Debug|Any CPU.ActiveCfg = Debug|Any CPU
		{9734F264-57D7-4469-8548-81BF2A44D14A}.Debug|Any CPU.Build.0 = Debug|Any CPU
		{9734F264-57D7-4469-8548-81BF2A44D14A}.Release|Any CPU.ActiveCfg = Release|Any CPU
		{9734F264-57D7-4469-8548-81BF2A44D14A}.Release|Any CPU.Build.0 = Release|Any CPU
		{4C9F2531-5EF3-4312-B7F4-48FBBF0BE0FC}.Debug|Any CPU.ActiveCfg = Debug|Any CPU
		{4C9F2531-5EF3-4312-B7F4-48FBBF0BE0FC}.Debug|Any CPU.Build.0 = Debug|Any CPU
		{4C9F2531-5EF3-4312-B7F4-48FBBF0BE0FC}.Release|Any CPU.ActiveCfg = Release|Any CPU
		{4C9F2531-5EF3-4312-B7F4-48FBBF0BE0FC}.Release|Any CPU.Build.0 = Release|Any CPU
	EndGlobalSection
	GlobalSection(SolutionProperties) = preSolution
		HideSolutionNode = FALSE
	EndGlobalSection
	GlobalSection(ExtensibilityGlobals) = postSolution
		SolutionGuid = {22AE67E7-471F-4DE4-B646-52CB997C4D64}
	EndGlobalSection
EndGlobal
